
Microsoft Visual Studio Solution File, Format Version 12.00
# Visual Studio 15
VisualStudioVersion = 15.0.27703.2042
MinimumVisualStudioVersion = 10.0.40219.1
Project("{FAE04EC0-301F-11D3-BF4B-00C04F79EFBC}") = "TVMazeScapper", "TVMazeScapper\TVMazeScapper.csproj", "{3C74F283-87A7-485D-8262-EA8D0918A183}"
EndProject
Global
	GlobalSection(SolutionConfigurationPlatforms) = preSolution
		Debug|Any CPU = Debug|Any CPU
		Release|Any CPU = Release|Any CPU
	EndGlobalSection
	GlobalSection(ProjectConfigurationPlatforms) = postSolution
		{3C74F283-87A7-485D-8262-EA8D0918A183}.Debug|Any CPU.ActiveCfg = Debug|Any CPU
		{3C74F283-87A7-485D-8262-EA8D0918A183}.Debug|Any CPU.Build.0 = Debug|Any CPU
		{3C74F283-87A7-485D-8262-EA8D0918A183}.Release|Any CPU.ActiveCfg = Release|Any CPU
		{3C74F283-87A7-485D-8262-EA8D0918A183}.Release|Any CPU.Build.0 = Release|Any CPU
	EndGlobalSection
	GlobalSection(SolutionProperties) = preSolution
		HideSolutionNode = FALSE
	EndGlobalSection
	GlobalSection(ExtensibilityGlobals) = postSolution
		SolutionGuid = {D0A07F7B-02FD-4524-8C7C-1268AC39589D}
	EndGlobalSection
EndGlobal
